Microsoft Visual Studio Solution File, Format Version 11.00
# Visual Studio 2008

Project("{2F7569E0-0C4D-97AE-F5F2-C2B3A4D2213F}") = "Lizard", "Assembly-CSharp-firstpass.csproj", "{867ED0AF-DCCA-CF11-046B-1D45726B47B4}"
EndProject
Project("{2F7569E0-0C4D-97AE-F5F2-C2B3A4D2213F}") = "Lizard", "Assembly-CSharp.csproj", "{96E50653-3396-EB3B-A8AC-F108EED179B7}"
EndProject
Project("{2F7569E0-0C4D-97AE-F5F2-C2B3A4D2213F}") = "Lizard", "Assembly-UnityScript-firstpass.unityproj", "{31A98617-B832-BE19-B147-61081B097CDC}"
EndProject
Global
	GlobalSection(SolutionConfigurationPlatforms) = preSolution
		Debug|Any CPU = Debug|Any CPU
		Release|Any CPU = Release|Any CPU
	EndGlobalSection
	GlobalSection(ProjectConfigurationPlatforms) = postSolution
		{867ED0AF-DCCA-CF11-046B-1D45726B47B4}.Debug|Any CPU.ActiveCfg = Debug|Any CPU
		{867ED0AF-DCCA-CF11-046B-1D45726B47B4}.Debug|Any CPU.Build.0 = Debug|Any CPU
		{867ED0AF-DCCA-CF11-046B-1D45726B47B4}.Release|Any CPU.ActiveCfg = Release|Any CPU
		{867ED0AF-DCCA-CF11-046B-1D45726B47B4}.Release|Any CPU.Build.0 = Release|Any CPU
		{96E50653-3396-EB3B-A8AC-F108EED179B7}.Debug|Any CPU.ActiveCfg = Debug|Any CPU
		{96E50653-3396-EB3B-A8AC-F108EED179B7}.Debug|Any CPU.Build.0 = Debug|Any CPU
		{96E50653-3396-EB3B-A8AC-F108EED179B7}.Release|Any CPU.ActiveCfg = Release|Any CPU
		{96E50653-3396-EB3B-A8AC-F108EED179B7}.Release|Any CPU.Build.0 = Release|Any CPU
		{31A98617-B832-BE19-B147-61081B097CDC}.Debug|Any CPU.ActiveCfg = Debug|Any CPU
		{31A98617-B832-BE19-B147-61081B097CDC}.Debug|Any CPU.Build.0 = Debug|Any CPU
		{31A98617-B832-BE19-B147-61081B097CDC}.Release|Any CPU.ActiveCfg = Release|Any CPU
		{31A98617-B832-BE19-B147-61081B097CDC}.Release|Any CPU.Build.0 = Release|Any CPU
	EndGlobalSection
	GlobalSection(SolutionProperties) = preSolution
		HideSolutionNode = FALSE
	EndGlobalSection
						GlobalSection(MonoDevelopProperties) = preSolution
		StartupItem = Assembly-CSharp.csproj
		Policies = $0
		$0.TextStylePolicy = $1
		$1.inheritsSet = null
		$1.scope = text/x-csharp
		$0.CSharpFormattingPolicy = $2
		$2.inheritsSet = Mono
		$2.inheritsScope = text/x-csharp
		$2.scope = text/x-csharp
		$0.TextStylePolicy = $3
		$3.FileWidth = 120
		$3.TabWidth = 4
		$3.EolMarker = Unix
		$3.inheritsSet = Mono
		$3.inheritsScope = text/plain
		$3.scope = text/plain
	EndGlobalSection

EndGlobal
